
Microsoft Visual Studio Solution File, Format Version 12.00
# Visual Studio Version 17
VisualStudioVersion = 17.6.33801.468
MinimumVisualStudioVersion = 10.0.40219.1
Project("{FAE04EC0-301F-11D3-BF4B-00C04F79EFBC}") = "eNompilo.v3.0.1", "eNompilo.v3.0.1\eNompilo.v3.0.1.csproj", "{7ADAF723-39A0-4F96-8B12-6A99D5B356C8}"
EndProject
Global
	GlobalSection(SolutionConfigurationPlatforms) = preSolution
		Debug|Any CPU = Debug|Any CPU
		Release|Any CPU = Release|Any CPU
	EndGlobalSection
	GlobalSection(ProjectConfigurationPlatforms) = postSolution
		{7ADAF723-39A0-4F96-8B12-6A99D5B356C8}.Debug|Any CPU.ActiveCfg = Debug|Any CPU
		{7ADAF723-39A0-4F96-8B12-6A99D5B356C8}.Debug|Any CPU.Build.0 = Debug|Any CPU
		{7ADAF723-39A0-4F96-8B12-6A99D5B356C8}.Release|Any CPU.ActiveCfg = Release|Any CPU
		{7ADAF723-39A0-4F96-8B12-6A99D5B356C8}.Release|Any CPU.Build.0 = Release|Any CPU
	EndGlobalSection
	GlobalSection(SolutionProperties) = preSolution
		HideSolutionNode = FALSE
	EndGlobalSection
	GlobalSection(ExtensibilityGlobals) = postSolution
		SolutionGuid = {0FA3B584-F492-413C-B051-5CB29FE9EAE6}
	EndGlobalSection
EndGlobal
